github.com/gempir/go-twitch-irc/v2 v2.5.0 h1:aybXNoyDNQaa4vHhXb0UpIDmspqutQUmXIYUFsjgecU=
github.com/gempir/go-twitch-irc/v2 v2.5.0/go.mod h1:120d2SdlRYg8tRnZwsyNPeS+mWPn+YmNEzB7Bv/CDGE=
github.com/joho/godotenv v1.3.0 h1:Zjp+RcGpHhGlrMbJzXTrZZPrWj+1vfm90La1wgB6Bhc=
github.com/joho/godotenv v1.3.0/go.mod h1:7hK45KPybAkOC6peb+G5yklZfMxEjkZhHbwpqxOKXbg=
